
Microsoft Visual Studio Solution File, Format Version 12.00
# Visual Studio Version 17
VisualStudioVersion = 17.5.002.0
MinimumVisualStudioVersion = 10.0.40219.1
Project("{9A19103F-16F7-4668-BE54-9A1E7A4F7556}") = "TestProject1", "TestProject1.csproj", "{7336DB85-2624-46B0-A353-DF3B68C5B6EA}"
EndProject
Global
	GlobalSection(SolutionConfigurationPlatforms) = preSolution
		Debug|Any CPU = Debug|Any CPU
		Release|Any CPU = Release|Any CPU
	EndGlobalSection
	GlobalSection(ProjectConfigurationPlatforms) = postSolution
		{7336DB85-2624-46B0-A353-DF3B68C5B6EA}.Debug|Any CPU.ActiveCfg = Debug|Any CPU
		{7336DB85-2624-46B0-A353-DF3B68C5B6EA}.Debug|Any CPU.Build.0 = Debug|Any CPU
		{7336DB85-2624-46B0-A353-DF3B68C5B6EA}.Release|Any CPU.ActiveCfg = Release|Any CPU
		{7336DB85-2624-46B0-A353-DF3B68C5B6EA}.Release|Any CPU.Build.0 = Release|Any CPU
	EndGlobalSection
	GlobalSection(SolutionProperties) = preSolution
		HideSolutionNode = FALSE
	EndGlobalSection
	GlobalSection(ExtensibilityGlobals) = postSolution
		SolutionGuid = {4BBB0DB1-8C2E-442C-BC61-F57F9FF1F445}
	EndGlobalSection
EndGlobal
